<?xml version="1.0" encoding="utf-8"?>
<Project ToolsVersion="4.0" xmlns="http://schemas.microsoft.com/developer/msbuild/2003">
  <ItemGroup>
    <Filter Include="Source Files">
      <UniqueIdentifier>{4FC737F1-C7A5-4376-A066-2A32D752A2FF}</UniqueIdentifier>
      <Extensions>cpp;c;cc;cxx;c++;cppm;ixx;def;odl;idl;hpj;bat;asm;asmx</Extensions>
    </Filter>
    <Filter Include="Header Files">
      <UniqueIdentifier>{93995380-89BD-4b04-88EB-625FBE52EBFB}</UniqueIdentifier>
      <Extensions>h;hh;hpp;hxx;h++;hm;inl;inc;ipp;xsd</Extensions>
    </Filter>
    <Filter Include="Resource Files">
      <UniqueIdentifier>{67DA6AB6-F800-4c08-8B7A-83BB121AAD01}</UniqueIdentifier>
      <Extensions>rc;ico;cur;bmp;dlg;rc2;rct;bin;rgs;gif;jpg;jpeg;jpe;resx;tiff;tif;png;wav;mfcribbon-ms</Extensions>
    </Filter>
  </ItemGroup>
  <ItemGroup>
    <ClCompile Include="main.cpp">
      <Filter>Source Files</Filter>
    </ClCompile>
    <ClCompile Include="9_nine.h">
      <Filter>Header Files</Filter>
    </ClCompile>
  </ItemGroup>
  <ItemGroup>
    <Text Include="Input_data.txt">
      <Filter>Source Files</Filter>
    </Text>
  </ItemGroup>
  <ItemGroup>
    <ClInclude Include="3_Three.h">
      <Filter>Header Files</Filter>
    </ClInclude>
    <ClInclude Include="4_Four.h">
      <Filter>Header Files</Filter>
    </ClInclude>
    <ClInclude Include="5_Five.h">
      <Filter>Header Files</Filter>
    </ClInclude>
    <ClInclude Include="1_One.h">
      <Filter>Header Files</Filter>
    </ClInclude>
    <ClInclude Include="2_Two.h">
      <Filter>Header Files</Filter>
    </ClInclude>
    <ClInclude Include="6_extract.h">
      <Filter>Header Files</Filter>
    </ClInclude>
    <ClInclude Include="7_Seven.h">
      <Filter>Header Files</Filter>
    </ClInclude>
    <ClInclude Include="8_eight.h">
      <Filter>Header Files</Filter>
    </ClInclude>
    <ClInclude Include="10_ten.h">
      <Filter>Header Files</Filter>
    </ClInclude>
    <ClInclude Include="11_eleven.h">
      <Filter>Header Files</Filter>
    </ClInclude>
    <ClInclude Include="13_.h">
      <Filter>Header Files</Filter>
    </ClInclude>
    <ClInclude Include="12_.h">
      <Filter>Header Files</Filter>
    </ClInclude>
    <ClInclude Include="14_.h">
      <Filter>Header Files</Filter>
    </ClInclude>
    <ClInclude Include="15_.h">
      <Filter>Header Files</Filter>
    </ClInclude>
    <ClInclude Include="16_.h">
      <Filter>Header Files</Filter>
    </ClInclude>
    <ClInclude Include="17_.h">
      <Filter>Header Files</Filter>
    </ClInclude>
    <ClInclude Include="18_.h">
      <Filter>Header Files</Filter>
    </ClInclude>
    <ClInclude Include="19_.h">
      <Filter>Header Files</Filter>
    </ClInclude>
    <ClInclude Include="20_.h">
      <Filter>Header Files</Filter>
    </ClInclude>
    <ClInclude Include="21_.h">
      <Filter>Header Files</Filter>
    </ClInclude>
    <ClInclude Include="22_.h">
      <Filter>Header Files</Filter>
    </ClInclude>
    <ClInclude Include="23_.h">
      <Filter>Header Files</Filter>
    </ClInclude>
    <ClInclude Include="24_.h">
      <Filter>Header Files</Filter>
    </ClInclude>
    <ClInclude Include="25_.h">
      <Filter>Header Files</Filter>
    </ClInclude>
    <ClInclude Include="26_.h">
      <Filter>Header Files</Filter>
    </ClInclude>
    <ClInclude Include="27_.h">
      <Filter>Header Files</Filter>
    </ClInclude>
    <ClInclude Include="29_.h">
      <Filter>Header Files</Filter>
    </ClInclude>
    <ClInclude Include="30_.h">
      <Filter>Header Files</Filter>
    </ClInclude>
    <ClInclude Include="31_.h">
      <Filter>Header Files</Filter>
    </ClInclude>
    <ClInclude Include="32_.h">
      <Filter>Header Files</Filter>
    </ClInclude>
    <ClInclude Include="33_.h">
      <Filter>Header Files</Filter>
    </ClInclude>
    <ClInclude Include="34_.h">
      <Filter>Header Files</Filter>
    </ClInclude>
    <ClInclude Include="35_.h">
      <Filter>Header Files</Filter>
    </ClInclude>
    <ClInclude Include="36_.h">
      <Filter>Header Files</Filter>
    </ClInclude>
    <ClInclude Include="37_.h">
      <Filter>Header Files</Filter>
    </ClInclude>
    <ClInclude Include="38_.h">
      <Filter>Header Files</Filter>
    </ClInclude>
    <ClInclude Include="39_.h">
      <Filter>Header Files</Filter>
    </ClInclude>
    <ClInclude Include="40_.h">
      <Filter>Header Files</Filter>
    </ClInclude>
    <ClInclude Include="41_.h">
      <Filter>Header Files</Filter>
    </ClInclude>
    <ClInclude Include="42_.h">
      <Filter>Header Files</Filter>
    </ClInclude>
    <ClInclude Include="43_.h">
      <Filter>Header Files</Filter>
    </ClInclude>
    <ClInclude Include="45_.h">
      <Filter>Header Files</Filter>
    </ClInclude>
    <ClInclude Include="46_.h">
      <Filter>Header Files</Filter>
    </ClInclude>
    <ClInclude Include="44_.h">
      <Filter>Header Files</Filter>
    </ClInclude>
    <ClInclude Include="47_.h">
      <Filter>Header Files</Filter>
    </ClInclude>
    <ClInclude Include="48_.h">
      <Filter>Header Files</Filter>
    </ClInclude>
    <ClInclude Include="49_.h">
      <Filter>Header Files</Filter>
    </ClInclude>
    <ClInclude Include="51_.h">
      <Filter>Header Files</Filter>
    </ClInclude>
    <ClInclude Include="52_.h">
      <Filter>Header Files</Filter>
    </ClInclude>
    <ClInclude Include="53_.h">
      <Filter>Header Files</Filter>
    </ClInclude>
    <ClInclude Include="55_.h">
      <Filter>Header Files</Filter>
    </ClInclude>
    <ClInclude Include="56_.h">
      <Filter>Header Files</Filter>
    </ClInclude>
    <ClInclude Include="57_.h">
      <Filter>Header Files</Filter>
    </ClInclude>
    <ClInclude Include="59_dfs.h">
      <Filter>Header Files</Filter>
    </ClInclude>
    <ClInclude Include="59_bfs.h">
      <Filter>Header Files</Filter>
    </ClInclude>
    <ClInclude Include="59_.h">
      <Filter>Header Files</Filter>
    </ClInclude>
    <ClInclude Include="60_.h">
      <Filter>Header Files</Filter>
    </ClInclude>
    <ClInclude Include="61_.h">
      <Filter>Header Files</Filter>
    </ClInclude>
    <ClInclude Include="62_.h">
      <Filter>Header Files</Filter>
    </ClInclude>
    <ClInclude Include="63_.h">
      <Filter>Header Files</Filter>
    </ClInclude>
    <ClInclude Include="64_.h">
      <Filter>Header Files</Filter>
    </ClInclude>
    <ClInclude Include="65_.h">
      <Filter>Header Files</Filter>
    </ClInclude>
    <ClInclude Include="66_.h">
      <Filter>Header Files</Filter>
    </ClInclude>
    <ClInclude Include="67_.h">
      <Filter>Header Files</Filter>
    </ClInclude>
    <ClInclude Include="68_.h">
      <Filter>Header Files</Filter>
    </ClInclude>
    <ClInclude Include="69_.h">
      <Filter>Header Files</Filter>
    </ClInclude>
    <ClInclude Include="70_.h">
      <Filter>Header Files</Filter>
    </ClInclude>
    <ClInclude Include="71_.h">
      <Filter>Header Files</Filter>
    </ClInclude>
    <ClInclude Include="72_.h">
      <Filter>Header Files</Filter>
    </ClInclude>
    <ClInclude Include="73_.h">
      <Filter>Header Files</Filter>
    </ClInclude>
    <ClInclude Include="74_.h">
      <Filter>Header Files</Filter>
    </ClInclude>
    <ClInclude Include="75_.h">
      <Filter>Header Files</Filter>
    </ClInclude>
    <ClInclude Include="76_.h">
      <Filter>Header Files</Filter>
    </ClInclude>
    <ClInclude Include="77_.h">
      <Filter>Header Files</Filter>
    </ClInclude>
    <ClInclude Include="78_.h">
      <Filter>Header Files</Filter>
    </ClInclude>
    <ClInclude Include="79_.h">
      <Filter>Header Files</Filter>
    </ClInclude>
    <ClInclude Include="80_dijkstra.h">
      <Filter>Header Files</Filter>
    </ClInclude>
    <ClInclude Include="82_.h">
      <Filter>Header Files</Filter>
    </ClInclude>
    <ClInclude Include="83_.h">
      <Filter>Header Files</Filter>
    </ClInclude>
    <ClInclude Include="84_.h">
      <Filter>Header Files</Filter>
    </ClInclude>
    <ClInclude Include="85_.h">
      <Filter>Header Files</Filter>
    </ClInclude>
    <ClInclude Include="86_.h">
      <Filter>Header Files</Filter>
    </ClInclude>
    <ClInclude Include="87_.h">
      <Filter>Header Files</Filter>
    </ClInclude>
    <ClInclude Include="88_.h">
      <Filter>Header Files</Filter>
    </ClInclude>
    <ClInclude Include="89_.h">
      <Filter>Header Files</Filter>
    </ClInclude>
    <ClInclude Include="90_.h">
      <Filter>Header Files</Filter>
    </ClInclude>
    <ClInclude Include="91_.h">
      <Filter>Header Files</Filter>
    </ClInclude>
    <ClInclude Include="93_.h">
      <Filter>Header Files</Filter>
    </ClInclude>
    <ClInclude Include="96_.h">
      <Filter>Header Files</Filter>
    </ClInclude>
  </ItemGroup>
</Project>