<?xml version="1.0" encoding="utf-8"?>
<Project ToolsVersion="4.0" xmlns="http://schemas.microsoft.com/developer/msbuild/2003">
  <ItemGroup>
    <Filter Include="Source Files">
      <UniqueIdentifier>{4FC737F1-C7A5-4376-A066-2A32D752A2FF}</UniqueIdentifier>
      <Extensions>cpp;c;cc;cxx;c++;cppm;ixx;def;odl;idl;hpj;bat;asm;asmx</Extensions>
    </Filter>
    <Filter Include="Header Files">
      <UniqueIdentifier>{93995380-89BD-4b04-88EB-625FBE52EBFB}</UniqueIdentifier>
      <Extensions>h;hh;hpp;hxx;h++;hm;inl;inc;ipp;xsd</Extensions>
    </Filter>
    <Filter Include="Resource Files">
      <UniqueIdentifier>{67DA6AB6-F800-4c08-8B7A-83BB121AAD01}</UniqueIdentifier>
      <Extensions>rc;ico;cur;bmp;dlg;rc2;rct;bin;rgs;gif;jpg;jpeg;jpe;resx;tiff;tif;png;wav;mfcribbon-ms</Extensions>
    </Filter>
  </ItemGroup>
  <ItemGroup>
    <ClCompile Include="main.cpp">
      <Filter>Source Files</Filter>
    </ClCompile>
    <ClCompile Include="Source.cpp">
      <Filter>Source Files</Filter>
    </ClCompile>
    <ClCompile Include="9_nine.h">
      <Filter>Header Files</Filter>
    </ClCompile>
  </ItemGroup>
  <ItemGroup>
    <Text Include="Input_data.txt">
      <Filter>Source Files</Filter>
    </Text>
  </ItemGroup>
  <ItemGroup>
    <ClInclude Include="3_Three.h">
      <Filter>Header Files</Filter>
    </ClInclude>
    <ClInclude Include="4_Four.h">
      <Filter>Header Files</Filter>
    </ClInclude>
    <ClInclude Include="5_Five.h">
      <Filter>Header Files</Filter>
    </ClInclude>
    <ClInclude Include="1_One.h">
      <Filter>Header Files</Filter>
    </ClInclude>
    <ClInclude Include="2_Two.h">
      <Filter>Header Files</Filter>
    </ClInclude>
    <ClInclude Include="6_extract.h">
      <Filter>Header Files</Filter>
    </ClInclude>
    <ClInclude Include="7_Seven.h">
      <Filter>Header Files</Filter>
    </ClInclude>
    <ClInclude Include="8_eight.h">
      <Filter>Header Files</Filter>
    </ClInclude>
    <ClInclude Include="10_ten.h">
      <Filter>Header Files</Filter>
    </ClInclude>
    <ClInclude Include="11_eleven.h">
      <Filter>Header Files</Filter>
    </ClInclude>
    <ClInclude Include="13_.h">
      <Filter>Header Files</Filter>
    </ClInclude>
    <ClInclude Include="12_.h">
      <Filter>Header Files</Filter>
    </ClInclude>
    <ClInclude Include="14_.h">
      <Filter>Header Files</Filter>
    </ClInclude>
    <ClInclude Include="15_.h">
      <Filter>Header Files</Filter>
    </ClInclude>
    <ClInclude Include="16_.h">
      <Filter>Header Files</Filter>
    </ClInclude>
    <ClInclude Include="17_.h">
      <Filter>Header Files</Filter>
    </ClInclude>
    <ClInclude Include="18_.h">
      <Filter>Header Files</Filter>
    </ClInclude>
    <ClInclude Include="19_.h">
      <Filter>Header Files</Filter>
    </ClInclude>
    <ClInclude Include="20_.h">
      <Filter>Header Files</Filter>
    </ClInclude>
    <ClInclude Include="21_.h">
      <Filter>Header Files</Filter>
    </ClInclude>
    <ClInclude Include="22_.h">
      <Filter>Header Files</Filter>
    </ClInclude>
    <ClInclude Include="23_.h">
      <Filter>Header Files</Filter>
    </ClInclude>
  </ItemGroup>
</Project>